
Microsoft Visual Studio Solution File, Format Version 12.00
# Visual Studio Version 16
VisualStudioVersion = 16.0.29519.181
MinimumVisualStudioVersion = 10.0.40219.1
Project("{FAE04EC0-301F-11D3-BF4B-00C04F79EFBC}") = "OperazioniMatematiche", "OperazioniMatematiche\OperazioniMatematiche.csproj", "{AA5111C4-6E55-4DB4-8AA4-AAE6B70D40BB}"
EndProject
Global
	GlobalSection(SolutionConfigurationPlatforms) = preSolution
		Debug|Any CPU = Debug|Any CPU
		Release|Any CPU = Release|Any CPU
	EndGlobalSection
	GlobalSection(ProjectConfigurationPlatforms) = postSolution
		{AA5111C4-6E55-4DB4-8AA4-AAE6B70D40BB}.Debug|Any CPU.ActiveCfg = Debug|Any CPU
		{AA5111C4-6E55-4DB4-8AA4-AAE6B70D40BB}.Debug|Any CPU.Build.0 = Debug|Any CPU
		{AA5111C4-6E55-4DB4-8AA4-AAE6B70D40BB}.Release|Any CPU.ActiveCfg = Release|Any CPU
		{AA5111C4-6E55-4DB4-8AA4-AAE6B70D40BB}.Release|Any CPU.Build.0 = Release|Any CPU
	EndGlobalSection
	GlobalSection(SolutionProperties) = preSolution
		HideSolutionNode = FALSE
	EndGlobalSection
	GlobalSection(ExtensibilityGlobals) = postSolution
		SolutionGuid = {9F99FA93-6828-4505-AB9C-88F86EC15DAF}
	EndGlobalSection
EndGlobal
